
Microsoft Visual Studio Solution File, Format Version 12.00
# Visual Studio Version 17
VisualStudioVersion = 17.14.36327.8 d17.14
MinimumVisualStudioVersion = 10.0.40219.1
Project("{FAE04EC0-301F-11D3-BF4B-00C04F79EFBC}") = "AppThermostat", "AppThermostat\AppThermostat.csproj", "{578B082E-3CED-4F3A-A94E-CD8997326ECD}"
EndProject
Project("{FAE04EC0-301F-11D3-BF4B-00C04F79EFBC}") = "AppMontre", "AppMontre\AppMontre.csproj", "{544DC6DD-D742-4619-BE27-9C22A07A32A0}"
EndProject
Project("{FAE04EC0-301F-11D3-BF4B-00C04F79EFBC}") = "AppParcometre", "AppParcometre\AppParcometre.csproj", "{D453291C-B901-4C34-B327-E46988E4ED0C}"
EndProject
Project("{FAE04EC0-301F-11D3-BF4B-00C04F79EFBC}") = "AppMultiThermostat", "AppMultiThermostat\AppMultiThermostat.csproj", "{60F28994-535B-4163-A422-5BBDFB5424DB}"
EndProject
Project("{FAE04EC0-301F-11D3-BF4B-00C04F79EFBC}") = "AppCompteurHydro", "AppCompteurHydro\AppCompteurHydro.csproj", "{F46186B4-3902-40EE-B397-C689006DE6E7}"
EndProject
Global
	GlobalSection(SolutionConfigurationPlatforms) = preSolution
		Debug|Any CPU = Debug|Any CPU
		Release|Any CPU = Release|Any CPU
	EndGlobalSection
	GlobalSection(ProjectConfigurationPlatforms) = postSolution
		{578B082E-3CED-4F3A-A94E-CD8997326ECD}.Debug|Any CPU.ActiveCfg = Debug|Any CPU
		{578B082E-3CED-4F3A-A94E-CD8997326ECD}.Debug|Any CPU.Build.0 = Debug|Any CPU
		{578B082E-3CED-4F3A-A94E-CD8997326ECD}.Release|Any CPU.ActiveCfg = Release|Any CPU
		{578B082E-3CED-4F3A-A94E-CD8997326ECD}.Release|Any CPU.Build.0 = Release|Any CPU
		{544DC6DD-D742-4619-BE27-9C22A07A32A0}.Debug|Any CPU.ActiveCfg = Debug|Any CPU
		{544DC6DD-D742-4619-BE27-9C22A07A32A0}.Debug|Any CPU.Build.0 = Debug|Any CPU
		{544DC6DD-D742-4619-BE27-9C22A07A32A0}.Release|Any CPU.ActiveCfg = Release|Any CPU
		{544DC6DD-D742-4619-BE27-9C22A07A32A0}.Release|Any CPU.Build.0 = Release|Any CPU
		{D453291C-B901-4C34-B327-E46988E4ED0C}.Debug|Any CPU.ActiveCfg = Debug|Any CPU
		{D453291C-B901-4C34-B327-E46988E4ED0C}.Debug|Any CPU.Build.0 = Debug|Any CPU
		{D453291C-B901-4C34-B327-E46988E4ED0C}.Release|Any CPU.ActiveCfg = Release|Any CPU
		{D453291C-B901-4C34-B327-E46988E4ED0C}.Release|Any CPU.Build.0 = Release|Any CPU
		{60F28994-535B-4163-A422-5BBDFB5424DB}.Debug|Any CPU.ActiveCfg = Debug|Any CPU
		{60F28994-535B-4163-A422-5BBDFB5424DB}.Debug|Any CPU.Build.0 = Debug|Any CPU
		{60F28994-535B-4163-A422-5BBDFB5424DB}.Release|Any CPU.ActiveCfg = Release|Any CPU
		{60F28994-535B-4163-A422-5BBDFB5424DB}.Release|Any CPU.Build.0 = Release|Any CPU
		{F46186B4-3902-40EE-B397-C689006DE6E7}.Debug|Any CPU.ActiveCfg = Debug|Any CPU
		{F46186B4-3902-40EE-B397-C689006DE6E7}.Debug|Any CPU.Build.0 = Debug|Any CPU
		{F46186B4-3902-40EE-B397-C689006DE6E7}.Release|Any CPU.ActiveCfg = Release|Any CPU
		{F46186B4-3902-40EE-B397-C689006DE6E7}.Release|Any CPU.Build.0 = Release|Any CPU
	EndGlobalSection
	GlobalSection(SolutionProperties) = preSolution
		HideSolutionNode = FALSE
	EndGlobalSection
	GlobalSection(ExtensibilityGlobals) = postSolution
		SolutionGuid = {3B12EEBF-2190-459E-94F9-79A86320D6D5}
	EndGlobalSection
EndGlobal
